
Microsoft Visual Studio Solution File, Format Version 12.00
# Visual Studio Version 17
VisualStudioVersion = 17.3.32825.248
MinimumVisualStudioVersion = 10.0.40219.1
Project("{FAE04EC0-301F-11D3-BF4B-00C04F79EFBC}") = "KayıtFormu", "KayıtFormu.csproj", "{2FB10BBF-204E-487E-94D6-37033FD9F444}"
EndProject
Global
	GlobalSection(SolutionConfigurationPlatforms) = preSolution
		Debug|Any CPU = Debug|Any CPU
		Release|Any CPU = Release|Any CPU
	EndGlobalSection
	GlobalSection(ProjectConfigurationPlatforms) = postSolution
		{2FB10BBF-204E-487E-94D6-37033FD9F444}.Debug|Any CPU.ActiveCfg = Debug|Any CPU
		{2FB10BBF-204E-487E-94D6-37033FD9F444}.Debug|Any CPU.Build.0 = Debug|Any CPU
		{2FB10BBF-204E-487E-94D6-37033FD9F444}.Release|Any CPU.ActiveCfg = Release|Any CPU
		{2FB10BBF-204E-487E-94D6-37033FD9F444}.Release|Any CPU.Build.0 = Release|Any CPU
	EndGlobalSection
	GlobalSection(SolutionProperties) = preSolution
		HideSolutionNode = FALSE
	EndGlobalSection
	GlobalSection(ExtensibilityGlobals) = postSolution
		SolutionGuid = {6833100D-0A9B-4B7B-8F1A-7A4F4477B46A}
	EndGlobalSection
EndGlobal
